
Microsoft Visual Studio Solution File, Format Version 12.00
# Visual Studio Version 17
VisualStudioVersion = 17.14.36212.18 d17.14
MinimumVisualStudioVersion = 10.0.40219.1
Project("{FAE04EC0-301F-11D3-BF4B-00C04F79EFBC}") = "WinFormsApp3", "WinFormsApp3.csproj", "{0398F1C6-9D31-4E45-B769-8147520BCF46}"
EndProject
Global
	GlobalSection(SolutionConfigurationPlatforms) = preSolution
		Debug|Any CPU = Debug|Any CPU
		Release|Any CPU = Release|Any CPU
	EndGlobalSection
	GlobalSection(ProjectConfigurationPlatforms) = postSolution
		{0398F1C6-9D31-4E45-B769-8147520BCF46}.Debug|Any CPU.ActiveCfg = Debug|Any CPU
		{0398F1C6-9D31-4E45-B769-8147520BCF46}.Debug|Any CPU.Build.0 = Debug|Any CPU
		{0398F1C6-9D31-4E45-B769-8147520BCF46}.Release|Any CPU.ActiveCfg = Release|Any CPU
		{0398F1C6-9D31-4E45-B769-8147520BCF46}.Release|Any CPU.Build.0 = Release|Any CPU
	EndGlobalSection
	GlobalSection(SolutionProperties) = preSolution
		HideSolutionNode = FALSE
	EndGlobalSection
	GlobalSection(ExtensibilityGlobals) = postSolution
		SolutionGuid = {4A2D5C7F-AE53-45BB-A56D-B7064EF9FDDA}
	EndGlobalSection
EndGlobal
